// !$*UTF8*$!
{
	archiveVersion = 1;
	classes = {
	};
	objectVersion = 56;
	objects = {

/* Begin PBXBuildFile section */
		E99CC52D2C5E60A500847382 /* AppDelegate.swift in Sources */ = {isa = PBXBuildFile; fileRef = E99CC52C2C5E60A500847382 /* AppDelegate.swift */; };
		E99CC52F2C5E60A500847382 /* SceneDelegate.swift in Sources */ = {isa = PBXBuildFile; fileRef = E99CC52E2C5E60A500847382 /* SceneDelegate.swift */; };
		E99CC5312C5E60A500847382 /* OnboardingVC.swift in Sources */ = {isa = PBXBuildFile; fileRef = E99CC5302C5E60A500847382 /* OnboardingVC.swift */; };
		E99CC5342C5E60A500847382 /* Base in Resources */ = {isa = PBXBuildFile; fileRef = E99CC5332C5E60A500847382 /* Base */; };
		E99CC5372C5E60A500847382 /* SkyCast.xcdatamodeld in Sources */ = {isa = PBXBuildFile; fileRef = E99CC5352C5E60A500847382 /* SkyCast.xcdatamodeld */; };
		E99CC5392C5E60A600847382 /* Assets.xcassets in Resources */ = {isa = PBXBuildFile; fileRef = E99CC5382C5E60A600847382 /* Assets.xcassets */; };
		E99CC53C2C5E60A600847382 /* Base in Resources */ = {isa = PBXBuildFile; fileRef = E99CC53B2C5E60A600847382 /* Base */; };
		E9D4D4532D0976C500291DA3 /* AppController.swift in Sources */ = {isa = PBXBuildFile; fileRef = E9D4D4522D0976C500291DA3 /* AppController.swift */; };
		E9D4D4552D097C9900291DA3 /* UserData.swift in Sources */ = {isa = PBXBuildFile; fileRef = E9D4D4542D097C9900291DA3 /* UserData.swift */; };
		E9FF79612D08D62E00A4FF3C /* HomeVC.swift in Sources */ = {isa = PBXBuildFile; fileRef = E9FF79602D08D62E00A4FF3C /* HomeVC.swift */; };
		E9FF79662D08D8E500A4FF3C /* LaunchScreen.storyboard in Resources */ = {isa = PBXBuildFile; fileRef = E99CC53A2C5E60A600847382 /* LaunchScreen.storyboard */; };
/* End PBXBuildFile section */

/* Begin PBXFileReference section */
		E99CC5292C5E60A500847382 /* SkyCast.app */ = {isa = PBXFileReference; explicitFileType = wrapper.application; includeInIndex = 0; path = SkyCast.app; sourceTree = BUILT_PRODUCTS_DIR; };
		E99CC52C2C5E60A500847382 /* AppDelegate.swift */ = {isa = PBXFileReference; lastKnownFileType = sourcecode.swift; path = AppDelegate.swift; sourceTree = "<group>"; };
		E99CC52E2C5E60A500847382 /* SceneDelegate.swift */ = {isa = PBXFileReference; lastKnownFileType = sourcecode.swift; path = SceneDelegate.swift; sourceTree = "<group>"; };
		E99CC5302C5E60A500847382 /* OnboardingVC.swift */ = {isa = PBXFileReference; lastKnownFileType = sourcecode.swift; path = OnboardingVC.swift; sourceTree = "<group>"; };
		E99CC5332C5E60A500847382 /* Base */ = {isa = PBXFileReference; lastKnownFileType = file.storyboard; name = Base; path = Base.lproj/Main.storyboard; sourceTree = "<group>"; };
		E99CC5362C5E60A500847382 /* SkyCast.xcdatamodel */ = {isa = PBXFileReference; lastKnownFileType = wrapper.xcdatamodel; path = SkyCast.xcdatamodel; sourceTree = "<group>"; };
		E99CC5382C5E60A600847382 /* Assets.xcassets */ = {isa = PBXFileReference; lastKnownFileType = folder.assetcatalog; path = Assets.xcassets; sourceTree = "<group>"; };
		E99CC53B2C5E60A600847382 /* Base */ = {isa = PBXFileReference; lastKnownFileType = file.storyboard; name = Base; path = Base.lproj/LaunchScreen.storyboard; sourceTree = "<group>"; };
		E99CC53D2C5E60A600847382 /* Info.plist */ = {isa = PBXFileReference; lastKnownFileType = text.plist.xml; path = Info.plist; sourceTree = "<group>"; };
		E9D4D4522D0976C500291DA3 /* AppController.swift */ = {isa = PBXFileReference; lastKnownFileType = sourcecode.swift; path = AppController.swift; sourceTree = "<group>"; };
		E9D4D4542D097C9900291DA3 /* UserData.swift */ = {isa = PBXFileReference; lastKnownFileType = sourcecode.swift; path = UserData.swift; sourceTree = "<group>"; };
		E9FF79602D08D62E00A4FF3C /* HomeVC.swift */ = {isa = PBXFileReference; lastKnownFileType = sourcecode.swift; path = HomeVC.swift; sourceTree = "<group>"; };
/* End PBXFileReference section */

/* Begin PBXFrameworksBuildPhase section */
		E99CC5262C5E60A500847382 /* Frameworks */ = {
			isa = PBXFrameworksBuildPhase;
			buildActionMask = 2147483647;
			files = (
			);
			runOnlyForDeploymentPostprocessing = 0;
		};
/* End PBXFrameworksBuildPhase section */

/* Begin PBXGroup section */
		E99CC5202C5E60A500847382 = {
			isa = PBXGroup;
			children = (
				E99CC52B2C5E60A500847382 /* SkyCast */,
				E99CC52A2C5E60A500847382 /* Products */,
			);
			sourceTree = "<group>";
		};
		E99CC52A2C5E60A500847382 /* Products */ = {
			isa = PBXGroup;
			children = (
				E99CC5292C5E60A500847382 /* SkyCast.app */,
			);
			name = Products;
			sourceTree = "<group>";
		};
		E99CC52B2C5E60A500847382 /* SkyCast */ = {
			isa = PBXGroup;
			children = (
				E9FF79692D08DCC200A4FF3C /* Common */,
				E9D4D44C2D08DD8D00291DA3 /* Sources */,
				E9FF796A2D08DCDE00A4FF3C /* Services */,
				E9D4D4502D09767200291DA3 /* Supporting Files */,
				E9FF79682D08DA6600A4FF3C /* Resources */,
			);
			path = SkyCast;
			sourceTree = "<group>";
		};
		E9D4D44C2D08DD8D00291DA3 /* Sources */ = {
			isa = PBXGroup;
			children = (
				E9D4D44F2D08DE4E00291DA3 /* Storyboard */,
				E9D4D44E2D08DDE000291DA3 /* Onboarding Screen */,
				E9D4D44D2D08DDB000291DA3 /* Home Screen */,
			);
			path = Sources;
			sourceTree = "<group>";
		};
		E9D4D44D2D08DDB000291DA3 /* Home Screen */ = {
			isa = PBXGroup;
			children = (
				E9FF79602D08D62E00A4FF3C /* HomeVC.swift */,
			);
			path = "Home Screen";
			sourceTree = "<group>";
		};
		E9D4D44E2D08DDE000291DA3 /* Onboarding Screen */ = {
			isa = PBXGroup;
			children = (
				E99CC5302C5E60A500847382 /* OnboardingVC.swift */,
			);
			path = "Onboarding Screen";
			sourceTree = "<group>";
		};
		E9D4D44F2D08DE4E00291DA3 /* Storyboard */ = {
			isa = PBXGroup;
			children = (
				E99CC5322C5E60A500847382 /* Main.storyboard */,
			);
			path = Storyboard;
			sourceTree = "<group>";
		};
		E9D4D4502D09767200291DA3 /* Supporting Files */ = {
			isa = PBXGroup;
			children = (
				E9D4D4512D0976B600291DA3 /* Utilities */,
			);
			path = "Supporting Files";
			sourceTree = "<group>";
		};
		E9D4D4512D0976B600291DA3 /* Utilities */ = {
			isa = PBXGroup;
			children = (
				E9D4D4522D0976C500291DA3 /* AppController.swift */,
				E9D4D4542D097C9900291DA3 /* UserData.swift */,
			);
			path = Utilities;
			sourceTree = "<group>";
		};
		E9FF79682D08DA6600A4FF3C /* Resources */ = {
			isa = PBXGroup;
			children = (
				E99CC5382C5E60A600847382 /* Assets.xcassets */,
				E99CC53A2C5E60A600847382 /* LaunchScreen.storyboard */,
				E99CC53D2C5E60A600847382 /* Info.plist */,
				E99CC5352C5E60A500847382 /* SkyCast.xcdatamodeld */,
			);
			path = Resources;
			sourceTree = "<group>";
		};
		E9FF79692D08DCC200A4FF3C /* Common */ = {
			isa = PBXGroup;
			children = (
				E99CC52C2C5E60A500847382 /* AppDelegate.swift */,
				E99CC52E2C5E60A500847382 /* SceneDelegate.swift */,
			);
			path = Common;
			sourceTree = "<group>";
		};
		E9FF796A2D08DCDE00A4FF3C /* Services */ = {
			isa = PBXGroup;
			children = (
				E9FF796C2D08DCF600A4FF3C /* Networking */,
			);
			path = Services;
			sourceTree = "<group>";
		};
		E9FF796C2D08DCF600A4FF3C /* Networking */ = {
			isa = PBXGroup;
			children = (
				E9FF796D2D08DD0500A4FF3C /* Api Manager */,
			);
			path = Networking;
			sourceTree = "<group>";
		};
		E9FF796D2D08DD0500A4FF3C /* Api Manager */ = {
			isa = PBXGroup;
			children = (
			);
			path = "Api Manager";
			sourceTree = "<group>";
		};
/* End PBXGroup section */

/* Begin PBXNativeTarget section */
		E99CC5282C5E60A500847382 /* SkyCast */ = {
			isa = PBXNativeTarget;
			buildConfigurationList = E99CC5402C5E60A600847382 /* Build configuration list for PBXNativeTarget "SkyCast" */;
			buildPhases = (
				E99CC5252C5E60A500847382 /* Sources */,
				E99CC5262C5E60A500847382 /* Frameworks */,
				E99CC5272C5E60A500847382 /* Resources */,
			);
			buildRules = (
			);
			dependencies = (
			);
			name = SkyCast;
			productName = SkyCast;
			productReference = E99CC5292C5E60A500847382 /* SkyCast.app */;
			productType = "com.apple.product-type.application";
		};
/* End PBXNativeTarget section */

/* Begin PBXProject section */
		E99CC5212C5E60A500847382 /* Project object */ = {
			isa = PBXProject;
			attributes = {
				BuildIndependentTargetsInParallel = 1;
				LastSwiftUpdateCheck = 1540;
				LastUpgradeCheck = 1540;
				TargetAttributes = {
					E99CC5282C5E60A500847382 = {
						CreatedOnToolsVersion = 15.4;
					};
				};
			};
			buildConfigurationList = E99CC5242C5E60A500847382 /* Build configuration list for PBXProject "SkyCast" */;
			compatibilityVersion = "Xcode 14.0";
			developmentRegion = en;
			hasScannedForEncodings = 0;
			knownRegions = (
				en,
				Base,
			);
			mainGroup = E99CC5202C5E60A500847382;
			productRefGroup = E99CC52A2C5E60A500847382 /* Products */;
			projectDirPath = "";
			projectRoot = "";
			targets = (
				E99CC5282C5E60A500847382 /* SkyCast */,
			);
		};
/* End PBXProject section */

/* Begin PBXResourcesBuildPhase section */
		E99CC5272C5E60A500847382 /* Resources */ = {
			isa = PBXResourcesBuildPhase;
			buildActionMask = 2147483647;
			files = (
				E99CC5392C5E60A600847382 /* Assets.xcassets in Resources */,
				E9FF79662D08D8E500A4FF3C /* LaunchScreen.storyboard in Resources */,
				E99CC53C2C5E60A600847382 /* Base in Resources */,
				E99CC5342C5E60A500847382 /* Base in Resources */,
			);
			runOnlyForDeploymentPostprocessing = 0;
		};
/* End PBXResourcesBuildPhase section */

/* Begin PBXSourcesBuildPhase section */
		E99CC5252C5E60A500847382 /* Sources */ = {
			isa = PBXSourcesBuildPhase;
			buildActionMask = 2147483647;
			files = (
				E99CC5312C5E60A500847382 /* OnboardingVC.swift in Sources */,
				E99CC52D2C5E60A500847382 /* AppDelegate.swift in Sources */,
				E99CC5372C5E60A500847382 /* SkyCast.xcdatamodeld in Sources */,
				E9D4D4552D097C9900291DA3 /* UserData.swift in Sources */,
				E9FF79612D08D62E00A4FF3C /* HomeVC.swift in Sources */,
				E99CC52F2C5E60A500847382 /* SceneDelegate.swift in Sources */,
				E9D4D4532D0976C500291DA3 /* AppController.swift in Sources */,
			);
			runOnlyForDeploymentPostprocessing = 0;
		};
/* End PBXSourcesBuildPhase section */

/* Begin PBXVariantGroup section */
		E99CC5322C5E60A500847382 /* Main.storyboard */ = {
			isa = PBXVariantGroup;
			children = (
				E99CC5332C5E60A500847382 /* Base */,
			);
			name = Main.storyboard;
			sourceTree = "<group>";
		};
		E99CC53A2C5E60A600847382 /* LaunchScreen.storyboard */ = {
			isa = PBXVariantGroup;
			children = (
				E99CC53B2C5E60A600847382 /* Base */,
			);
			name = LaunchScreen.storyboard;
			sourceTree = "<group>";
		};
/* End PBXVariantGroup section */

/* Begin XCBuildConfiguration section */
		E99CC53E2C5E60A600847382 /* Debug */ = {
			isa = XCBuildConfiguration;
			buildSettings = {
				ALWAYS_SEARCH_USER_PATHS = NO;
				ASSETCATALOG_COMPILER_GENERATE_SWIFT_ASSET_SYMBOL_EXTENSIONS = YES;
				CLANG_ANALYZER_NONNULL = YES;
				CLANG_ANALYZER_NUMBER_OBJECT_CONVERSION = YES_AGGRESSIVE;
				CLANG_CXX_LANGUAGE_STANDARD = "gnu++20";
				CLANG_ENABLE_MODULES = YES;
				CLANG_ENABLE_OBJC_ARC = YES;
				CLANG_ENABLE_OBJC_WEAK = YES;
				CLANG_WARN_BLOCK_CAPTURE_AUTORELEASING = YES;
				CLANG_WARN_BOOL_CONVERSION = YES;
				CLANG_WARN_COMMA = YES;
				CLANG_WARN_CONSTANT_CONVERSION = YES;
				CLANG_WARN_DEPRECATED_OBJC_IMPLEMENTATIONS = YES;
				CLANG_WARN_DIRECT_OBJC_ISA_USAGE = YES_ERROR;
				CLANG_WARN_DOCUMENTATION_COMMENTS = YES;
				CLANG_WARN_EMPTY_BODY = YES;
				CLANG_WARN_ENUM_CONVERSION = YES;
				CLANG_WARN_INFINITE_RECURSION = YES;
				CLANG_WARN_INT_CONVERSION = YES;
				CLANG_WARN_NON_LITERAL_NULL_CONVERSION = YES;
				CLANG_WARN_OBJC_IMPLICIT_RETAIN_SELF = YES;
				CLANG_WARN_OBJC_LITERAL_CONVERSION = YES;
				CLANG_WARN_OBJC_ROOT_CLASS = YES_ERROR;
				CLANG_WARN_QUOTED_INCLUDE_IN_FRAMEWORK_HEADER = YES;
				CLANG_WARN_RANGE_LOOP_ANALYSIS = YES;
				CLANG_WARN_STRICT_PROTOTYPES = YES;
				CLANG_WARN_SUSPICIOUS_MOVE = YES;
				CLANG_WARN_UNGUARDED_AVAILABILITY = YES_AGGRESSIVE;
				CLANG_WARN_UNREACHABLE_CODE = YES;
				CLANG_WARN__DUPLICATE_METHOD_MATCH = YES;
				COPY_PHASE_STRIP = NO;
				DEBUG_INFORMATION_FORMAT = dwarf;
				ENABLE_STRICT_OBJC_MSGSEND = YES;
				ENABLE_TESTABILITY = YES;
				ENABLE_USER_SCRIPT_SANDBOXING = YES;
				GCC_C_LANGUAGE_STANDARD = gnu17;
				GCC_DYNAMIC_NO_PIC = NO;
				GCC_NO_COMMON_BLOCKS = YES;
				GCC_OPTIMIZATION_LEVEL = 0;
				GCC_PREPROCESSOR_DEFINITIONS = (
					"DEBUG=1",
					"$(inherited)",
				);
				GCC_WARN_64_TO_32_BIT_CONVERSION = YES;
				GCC_WARN_ABOUT_RETURN_TYPE = YES_ERROR;
				GCC_WARN_UNDECLARED_SELECTOR = YES;
				GCC_WARN_UNINITIALIZED_AUTOS = YES_AGGRESSIVE;
				GCC_WARN_UNUSED_FUNCTION = YES;
				GCC_WARN_UNUSED_VARIABLE = YES;
				IPHONEOS_DEPLOYMENT_TARGET = 17.5;
				LOCALIZATION_PREFERS_STRING_CATALOGS = YES;
				MTL_ENABLE_DEBUG_INFO = INCLUDE_SOURCE;
				MTL_FAST_MATH = YES;
				ONLY_ACTIVE_ARCH = YES;
				SDKROOT = iphoneos;
				SWIFT_ACTIVE_COMPILATION_CONDITIONS = "DEBUG $(inherited)";
				SWIFT_OPTIMIZATION_LEVEL = "-Onone";
			};
			name = Debug;
		};
		E99CC53F2C5E60A600847382 /* Release */ = {
			isa = XCBuildConfiguration;
			buildSettings = {
				ALWAYS_SEARCH_USER_PATHS = NO;
				ASSETCATALOG_COMPILER_GENERATE_SWIFT_ASSET_SYMBOL_EXTENSIONS = YES;
				CLANG_ANALYZER_NONNULL = YES;
				CLANG_ANALYZER_NUMBER_OBJECT_CONVERSION = YES_AGGRESSIVE;
				CLANG_CXX_LANGUAGE_STANDARD = "gnu++20";
				CLANG_ENABLE_MODULES = YES;
				CLANG_ENABLE_OBJC_ARC = YES;
				CLANG_ENABLE_OBJC_WEAK = YES;
				CLANG_WARN_BLOCK_CAPTURE_AUTORELEASING = YES;
				CLANG_WARN_BOOL_CONVERSION = YES;
				CLANG_WARN_COMMA = YES;
				CLANG_WARN_CONSTANT_CONVERSION = YES;
				CLANG_WARN_DEPRECATED_OBJC_IMPLEMENTATIONS = YES;
				CLANG_WARN_DIRECT_OBJC_ISA_USAGE = YES_ERROR;
				CLANG_WARN_DOCUMENTATION_COMMENTS = YES;
				CLANG_WARN_EMPTY_BODY = YES;
				CLANG_WARN_ENUM_CONVERSION = YES;
				CLANG_WARN_INFINITE_RECURSION = YES;
				CLANG_WARN_INT_CONVERSION = YES;
				CLANG_WARN_NON_LITERAL_NULL_CONVERSION = YES;
				CLANG_WARN_OBJC_IMPLICIT_RETAIN_SELF = YES;
				CLANG_WARN_OBJC_LITERAL_CONVERSION = YES;
				CLANG_WARN_OBJC_ROOT_CLASS = YES_ERROR;
				CLANG_WARN_QUOTED_INCLUDE_IN_FRAMEWORK_HEADER = YES;
				CLANG_WARN_RANGE_LOOP_ANALYSIS = YES;
				CLANG_WARN_STRICT_PROTOTYPES = YES;
				CLANG_WARN_SUSPICIOUS_MOVE = YES;
				CLANG_WARN_UNGUARDED_AVAILABILITY = YES_AGGRESSIVE;
				CLANG_WARN_UNREACHABLE_CODE = YES;
				CLANG_WARN__DUPLICATE_METHOD_MATCH = YES;
				COPY_PHASE_STRIP = NO;
				DEBUG_INFORMATION_FORMAT = "dwarf-with-dsym";
				ENABLE_NS_ASSERTIONS = NO;
				ENABLE_STRICT_OBJC_MSGSEND = YES;
				ENABLE_USER_SCRIPT_SANDBOXING = YES;
				GCC_C_LANGUAGE_STANDARD = gnu17;
				GCC_NO_COMMON_BLOCKS = YES;
				GCC_WARN_64_TO_32_BIT_CONVERSION = YES;
				GCC_WARN_ABOUT_RETURN_TYPE = YES_ERROR;
				GCC_WARN_UNDECLARED_SELECTOR = YES;
				GCC_WARN_UNINITIALIZED_AUTOS = YES_AGGRESSIVE;
				GCC_WARN_UNUSED_FUNCTION = YES;
				GCC_WARN_UNUSED_VARIABLE = YES;
				IPHONEOS_DEPLOYMENT_TARGET = 17.5;
				LOCALIZATION_PREFERS_STRING_CATALOGS = YES;
				MTL_ENABLE_DEBUG_INFO = NO;
				MTL_FAST_MATH = YES;
				SDKROOT = iphoneos;
				SWIFT_COMPILATION_MODE = wholemodule;
				VALIDATE_PRODUCT = YES;
			};
			name = Release;
		};
		E99CC5412C5E60A600847382 /* Debug */ = {
			isa = XCBuildConfiguration;
			buildSettings = {
				ASSETCATALOG_COMPILER_APPICON_NAME = AppIcon;
				ASSETCATALOG_COMPILER_GLOBAL_ACCENT_COLOR_NAME = AccentColor;
				ASSETCATALOG_COMPILER_INCLUDE_ALL_APPICON_ASSETS = NO;
				CODE_SIGN_STYLE = Automatic;
				CURRENT_PROJECT_VERSION = 1;
				DEVELOPMENT_TEAM = 4NP4L6636N;
				GENERATE_INFOPLIST_FILE = YES;
				INFOPLIST_FILE = "/Users/owais/Desktop/UIKIt-Project/SkyCast-iOS-App/SkyCast/Resources/Info.plist";
				INFOPLIST_KEY_CFBundleDisplayName = SkyCast;
				INFOPLIST_KEY_LSApplicationCategoryType = "public.app-category.weather";
				INFOPLIST_KEY_UIApplicationSupportsIndirectInputEvents = YES;
				INFOPLIST_KEY_UILaunchStoryboardName = la;
				INFOPLIST_KEY_UIMainStoryboardFile = Main;
				INFOPLIST_KEY_UISupportedInterfaceOrientations = UIInterfaceOrientationPortrait;
				IPHONEOS_DEPLOYMENT_TARGET = 15.6;
				LD_RUNPATH_SEARCH_PATHS = (
					"$(inherited)",
					"@executable_path/Frameworks",
				);
				MARKETING_VERSION = 1.0;
				PRODUCT_BUNDLE_IDENTIFIER = com.self.SkyCast.SkyCast;
				PRODUCT_NAME = "$(TARGET_NAME)";
				SUPPORTED_PLATFORMS = "iphoneos iphonesimulator";
				SUPPORTS_MACCATALYST = NO;
				SUPPORTS_MAC_DESIGNED_FOR_IPHONE_IPAD = NO;
				SUPPORTS_XR_DESIGNED_FOR_IPHONE_IPAD = NO;
				SWIFT_EMIT_LOC_STRINGS = YES;
				SWIFT_VERSION = 5.0;
				TARGETED_DEVICE_FAMILY = 1;
			};
			name = Debug;
		};
		E99CC5422C5E60A600847382 /* Release */ = {
			isa = XCBuildConfiguration;
			buildSettings = {
				ASSETCATALOG_COMPILER_APPICON_NAME = AppIcon;
				ASSETCATALOG_COMPILER_GLOBAL_ACCENT_COLOR_NAME = AccentColor;
				ASSETCATALOG_COMPILER_INCLUDE_ALL_APPICON_ASSETS = NO;
				CODE_SIGN_STYLE = Automatic;
				CURRENT_PROJECT_VERSION = 1;
				DEVELOPMENT_TEAM = 4NP4L6636N;
				GENERATE_INFOPLIST_FILE = YES;
				INFOPLIST_FILE = "/Users/owais/Desktop/UIKIt-Project/SkyCast-iOS-App/SkyCast/Resources/Info.plist";
				INFOPLIST_KEY_CFBundleDisplayName = SkyCast;
				INFOPLIST_KEY_LSApplicationCategoryType = "public.app-category.weather";
				INFOPLIST_KEY_UIApplicationSupportsIndirectInputEvents = YES;
				INFOPLIST_KEY_UILaunchStoryboardName = la;
				INFOPLIST_KEY_UIMainStoryboardFile = Main;
				INFOPLIST_KEY_UISupportedInterfaceOrientations = UIInterfaceOrientationPortrait;
				IPHONEOS_DEPLOYMENT_TARGET = 15.6;
				LD_RUNPATH_SEARCH_PATHS = (
					"$(inherited)",
					"@executable_path/Frameworks",
				);
				MARKETING_VERSION = 1.0;
				PRODUCT_BUNDLE_IDENTIFIER = com.self.SkyCast.SkyCast;
				PRODUCT_NAME = "$(TARGET_NAME)";
				SUPPORTED_PLATFORMS = "iphoneos iphonesimulator";
				SUPPORTS_MACCATALYST = NO;
				SUPPORTS_MAC_DESIGNED_FOR_IPHONE_IPAD = NO;
				SUPPORTS_XR_DESIGNED_FOR_IPHONE_IPAD = NO;
				SWIFT_EMIT_LOC_STRINGS = YES;
				SWIFT_VERSION = 5.0;
				TARGETED_DEVICE_FAMILY = 1;
			};
			name = Release;
		};
/* End XCBuildConfiguration section */

/* Begin XCConfigurationList section */
		E99CC5242C5E60A500847382 /* Build configuration list for PBXProject "SkyCast" */ = {
			isa = XCConfigurationList;
			buildConfigurations = (
				E99CC53E2C5E60A600847382 /* Debug */,
				E99CC53F2C5E60A600847382 /* Release */,
			);
			defaultConfigurationIsVisible = 0;
			defaultConfigurationName = Release;
		};
		E99CC5402C5E60A600847382 /* Build configuration list for PBXNativeTarget "SkyCast" */ = {
			isa = XCConfigurationList;
			buildConfigurations = (
				E99CC5412C5E60A600847382 /* Debug */,
				E99CC5422C5E60A600847382 /* Release */,
			);
			defaultConfigurationIsVisible = 0;
			defaultConfigurationName = Release;
		};
/* End XCConfigurationList section */

/* Begin XCVersionGroup section */
		E99CC5352C5E60A500847382 /* SkyCast.xcdatamodeld */ = {
			isa = XCVersionGroup;
			children = (
				E99CC5362C5E60A500847382 /* SkyCast.xcdatamodel */,
			);
			currentVersion = E99CC5362C5E60A500847382 /* SkyCast.xcdatamodel */;
			path = SkyCast.xcdatamodeld;
			sourceTree = "<group>";
			versionGroupType = wrapper.xcdatamodel;
		};
/* End XCVersionGroup section */
	};
	rootObject = E99CC5212C5E60A500847382 /* Project object */;
}
